Microsoft Visual Studio Solution File, Format Version 12.00
# Visual Studio 15
VisualStudioVersion = 15.0.27130.2020
MinimumVisualStudioVersion = 15.0.26124.0
Project("{9A19103F-16F7-4668-BE54-9A1E7A4F7556}") = "UtilService", "UtilService\UtilService.csproj", "{E20EF960-208C-4F4D-9798-86B6BD3D59C2}"
EndProject
Project("{9A19103F-16F7-4668-BE54-9A1E7A4F7556}") = "UtilService.Tests", "UtilService.Tests\UtilService.Tests.csproj", "{ACC79A1D-5CA8-45FF-8124-456E1D0E0147}"
EndProject
Global
	GlobalSection(SolutionConfigurationPlatforms) = preSolution
		Debug|Any CPU = Debug|Any CPU
		Debug|x64 = Debug|x64
		Debug|x86 = Debug|x86
		Release|Any CPU = Release|Any CPU
		Release|x64 = Release|x64
		Release|x86 = Release|x86
	EndGlobalSection
	GlobalSection(ProjectConfigurationPlatforms) = postSolution
		{E20EF960-208C-4F4D-9798-86B6BD3D59C2}.Debug|Any CPU.ActiveCfg = Debug|Any CPU
		{E20EF960-208C-4F4D-9798-86B6BD3D59C2}.Debug|Any CPU.Build.0 = Debug|Any CPU
		{E20EF960-208C-4F4D-9798-86B6BD3D59C2}.Debug|x64.ActiveCfg = Debug|Any CPU
		{E20EF960-208C-4F4D-9798-86B6BD3D59C2}.Debug|x64.Build.0 = Debug|Any CPU
		{E20EF960-208C-4F4D-9798-86B6BD3D59C2}.Debug|x86.ActiveCfg = Debug|Any CPU
		{E20EF960-208C-4F4D-9798-86B6BD3D59C2}.Debug|x86.Build.0 = Debug|Any CPU
		{E20EF960-208C-4F4D-9798-86B6BD3D59C2}.Release|Any CPU.ActiveCfg = Release|Any CPU
		{E20EF960-208C-4F4D-9798-86B6BD3D59C2}.Release|Any CPU.Build.0 = Release|Any CPU
		{E20EF960-208C-4F4D-9798-86B6BD3D59C2}.Release|x64.ActiveCfg = Release|Any CPU
		{E20EF960-208C-4F4D-9798-86B6BD3D59C2}.Release|x64.Build.0 = Release|Any CPU
		{E20EF960-208C-4F4D-9798-86B6BD3D59C2}.Release|x86.ActiveCfg = Release|Any CPU
		{E20EF960-208C-4F4D-9798-86B6BD3D59C2}.Release|x86.Build.0 = Release|Any CPU
		{ACC79A1D-5CA8-45FF-8124-456E1D0E0147}.Debug|Any CPU.ActiveCfg = Debug|Any CPU
		{ACC79A1D-5CA8-45FF-8124-456E1D0E0147}.Debug|Any CPU.Build.0 = Debug|Any CPU
		{ACC79A1D-5CA8-45FF-8124-456E1D0E0147}.Debug|x64.ActiveCfg = Debug|Any CPU
		{ACC79A1D-5CA8-45FF-8124-456E1D0E0147}.Debug|x64.Build.0 = Debug|Any CPU
		{ACC79A1D-5CA8-45FF-8124-456E1D0E0147}.Debug|x86.ActiveCfg = Debug|Any CPU
		{ACC79A1D-5CA8-45FF-8124-456E1D0E0147}.Debug|x86.Build.0 = Debug|Any CPU
		{ACC79A1D-5CA8-45FF-8124-456E1D0E0147}.Release|Any CPU.ActiveCfg = Release|Any CPU
		{ACC79A1D-5CA8-45FF-8124-456E1D0E0147}.Release|Any CPU.Build.0 = Release|Any CPU
		{ACC79A1D-5CA8-45FF-8124-456E1D0E0147}.Release|x64.ActiveCfg = Release|Any CPU
		{ACC79A1D-5CA8-45FF-8124-456E1D0E0147}.Release|x64.Build.0 = Release|Any CPU
		{ACC79A1D-5CA8-45FF-8124-456E1D0E0147}.Release|x86.ActiveCfg = Release|Any CPU
		{ACC79A1D-5CA8-45FF-8124-456E1D0E0147}.Release|x86.Build.0 = Release|Any CPU
	EndGlobalSection
	GlobalSection(SolutionProperties) = preSolution
		HideSolutionNode = FALSE
	EndGlobalSection
	GlobalSection(ExtensibilityGlobals) = postSolution
		SolutionGuid = {88E1BA52-0149-46AC-99FB-EAB8C59917ED}
	EndGlobalSection
EndGlobal
